
Microsoft Visual Studio Solution File, Format Version 11.00
# Visual Studio 2010
Project("{FAE04EC0-301F-11D3-BF4B-00C04F79EFBC}") = "ProjectDawn.Navigation.Editor", "ProjectDawn.Navigation.Editor.csproj", "{95cbf4c7-25ff-30f5-ae01-8d48c9da4a59}"
EndProject
Project("{FAE04EC0-301F-11D3-BF4B-00C04F79EFBC}") = "ProjectDawn.Navigation", "ProjectDawn.Navigation.csproj", "{1b57d0af-8d37-d3c2-6821-c5bf4c5aac86}"
EndProject
Project("{FAE04EC0-301F-11D3-BF4B-00C04F79EFBC}") = "ProjectDawn.Navigation.Hybrid", "ProjectDawn.Navigation.Hybrid.csproj", "{c977e394-f43b-63f4-b8eb-47ae5a0f7ea0}"
EndProject
Project("{FAE04EC0-301F-11D3-BF4B-00C04F79EFBC}") = "Assembly-CSharp", "Assembly-CSharp.csproj", "{9302b162-a05a-b320-4743-68f8fa90be25}"
EndProject
Project("{FAE04EC0-301F-11D3-BF4B-00C04F79EFBC}") = "ProjectDawn.ReciprocalAvoidance", "ProjectDawn.ReciprocalAvoidance.csproj", "{0d06cb5a-81ba-69bf-0a34-79deb8e641f8}"
EndProject
Project("{FAE04EC0-301F-11D3-BF4B-00C04F79EFBC}") = "ProjectDawn.LocalAvoidance", "ProjectDawn.LocalAvoidance.csproj", "{8d664790-da84-0f5f-f581-9897da2b58e9}"
EndProject
Project("{FAE04EC0-301F-11D3-BF4B-00C04F79EFBC}") = "ProjectDawn.Navigation.Hybrid.Editor", "ProjectDawn.Navigation.Hybrid.Editor.csproj", "{5f84c5c6-6266-a5e9-8dfd-5cfbecaa01f3}"
EndProject
Project("{FAE04EC0-301F-11D3-BF4B-00C04F79EFBC}") = "Assembly-CSharp-Editor", "Assembly-CSharp-Editor.csproj", "{8be43b79-11eb-45d9-c7cf-17f5ec31ab48}"
EndProject
Global
	GlobalSection(SolutionConfigurationPlatforms) = preSolution
		Debug|Any CPU = Debug|Any CPU
	EndGlobalSection
	GlobalSection(ProjectConfigurationPlatforms) = postSolution
		{95cbf4c7-25ff-30f5-ae01-8d48c9da4a59}.Debug|Any CPU.ActiveCfg = Debug|Any CPU
		{95cbf4c7-25ff-30f5-ae01-8d48c9da4a59}.Debug|Any CPU.Build.0 = Debug|Any CPU
		{1b57d0af-8d37-d3c2-6821-c5bf4c5aac86}.Debug|Any CPU.ActiveCfg = Debug|Any CPU
		{1b57d0af-8d37-d3c2-6821-c5bf4c5aac86}.Debug|Any CPU.Build.0 = Debug|Any CPU
		{c977e394-f43b-63f4-b8eb-47ae5a0f7ea0}.Debug|Any CPU.ActiveCfg = Debug|Any CPU
		{c977e394-f43b-63f4-b8eb-47ae5a0f7ea0}.Debug|Any CPU.Build.0 = Debug|Any CPU
		{9302b162-a05a-b320-4743-68f8fa90be25}.Debug|Any CPU.ActiveCfg = Debug|Any CPU
		{9302b162-a05a-b320-4743-68f8fa90be25}.Debug|Any CPU.Build.0 = Debug|Any CPU
		{0d06cb5a-81ba-69bf-0a34-79deb8e641f8}.Debug|Any CPU.ActiveCfg = Debug|Any CPU
		{0d06cb5a-81ba-69bf-0a34-79deb8e641f8}.Debug|Any CPU.Build.0 = Debug|Any CPU
		{8d664790-da84-0f5f-f581-9897da2b58e9}.Debug|Any CPU.ActiveCfg = Debug|Any CPU
		{8d664790-da84-0f5f-f581-9897da2b58e9}.Debug|Any CPU.Build.0 = Debug|Any CPU
		{5f84c5c6-6266-a5e9-8dfd-5cfbecaa01f3}.Debug|Any CPU.ActiveCfg = Debug|Any CPU
		{5f84c5c6-6266-a5e9-8dfd-5cfbecaa01f3}.Debug|Any CPU.Build.0 = Debug|Any CPU
		{8be43b79-11eb-45d9-c7cf-17f5ec31ab48}.Debug|Any CPU.ActiveCfg = Debug|Any CPU
		{8be43b79-11eb-45d9-c7cf-17f5ec31ab48}.Debug|Any CPU.Build.0 = Debug|Any CPU
	EndGlobalSection
	GlobalSection(SolutionProperties) = preSolution
		HideSolutionNode = FALSE
	EndGlobalSection
EndGlobal
